
Microsoft Visual Studio Solution File, Format Version 11.00
# Visual C++ Express 2010
Project("{8BC9CEB8-8B4A-11D0-8D11-00A0C91BC942}") = "Assn15Structure", "Assn15Structure\Assn15Structure.vcxproj", "{019768C9-CE21-43F9-A366-316DB5B02FE3}"
EndProject
Global
	GlobalSection(SolutionConfigurationPlatforms) = preSolution
		Debug|Win32 = Debug|Win32
		Release|Win32 = Release|Win32
	EndGlobalSection
	GlobalSection(ProjectConfigurationPlatforms) = postSolution
		{019768C9-CE21-43F9-A366-316DB5B02FE3}.Debug|Win32.ActiveCfg = Debug|Win32
		{019768C9-CE21-43F9-A366-316DB5B02FE3}.Debug|Win32.Build.0 = Debug|Win32
		{019768C9-CE21-43F9-A366-316DB5B02FE3}.Release|Win32.ActiveCfg = Release|Win32
		{019768C9-CE21-43F9-A366-316DB5B02FE3}.Release|Win32.Build.0 = Release|Win32
	EndGlobalSection
	GlobalSection(SolutionProperties) = preSolution
		HideSolutionNode = FALSE
	EndGlobalSection
EndGlobal
